
Microsoft Visual Studio Solution File, Format Version 12.00
# Visual Studio 15
Project("{FAE04EC0-301F-11D3-BF4B-00C04F79EFBC}") = "VirtualDiplomacy", "Assembly-CSharp.csproj", "{335BD68B-AE52-7C57-2C70-E226B0D25DB6}"
EndProject
Project("{FAE04EC0-301F-11D3-BF4B-00C04F79EFBC}") = "VirtualDiplomacy", "Assembly-CSharp-Editor.csproj", "{20584438-E1D3-7DF8-91E0-7B8D74AEB3A2}"
EndProject
Global
	GlobalSection(SolutionConfigurationPlatforms) = preSolution
		Debug|Any CPU = Debug|Any CPU
		Release|Any CPU = Release|Any CPU
	EndGlobalSection
	GlobalSection(ProjectConfigurationPlatforms) = postSolution
		{335BD68B-AE52-7C57-2C70-E226B0D25DB6}.Debug|Any CPU.ActiveCfg = Debug|Any CPU
		{335BD68B-AE52-7C57-2C70-E226B0D25DB6}.Debug|Any CPU.Build.0 = Debug|Any CPU
		{335BD68B-AE52-7C57-2C70-E226B0D25DB6}.Release|Any CPU.ActiveCfg = Release|Any CPU
		{335BD68B-AE52-7C57-2C70-E226B0D25DB6}.Release|Any CPU.Build.0 = Release|Any CPU
		{20584438-E1D3-7DF8-91E0-7B8D74AEB3A2}.Debug|Any CPU.ActiveCfg = Debug|Any CPU
		{20584438-E1D3-7DF8-91E0-7B8D74AEB3A2}.Debug|Any CPU.Build.0 = Debug|Any CPU
		{20584438-E1D3-7DF8-91E0-7B8D74AEB3A2}.Release|Any CPU.ActiveCfg = Release|Any CPU
		{20584438-E1D3-7DF8-91E0-7B8D74AEB3A2}.Release|Any CPU.Build.0 = Release|Any CPU
	EndGlobalSection
	GlobalSection(SolutionProperties) = preSolution
		HideSolutionNode = FALSE
	EndGlobalSection
EndGlobal
